// !$*UTF8*$!
{
	archiveVersion = 1;
	classes = {
	};
	objectVersion = 46;
	objects = {

/* Begin PBXBuildFile section */
		668654CB1AF67BC6008F2CC2 /* HomeViewController.m in Sources */ = {isa = PBXBuildFile; fileRef = 668654CA1AF67BC6008F2CC2 /* HomeViewController.m */; };
		668654CE1AF67BD1008F2CC2 /* NotificationsViewController.m in Sources */ = {isa = PBXBuildFile; fileRef = 668654CD1AF67BD1008F2CC2 /* NotificationsViewController.m */; };
		668654D11AF67BDC008F2CC2 /* SettingsViewController.m in Sources */ = {isa = PBXBuildFile; fileRef = 668654D01AF67BDC008F2CC2 /* SettingsViewController.m */; };
		668BF2E71AEF36F200268C16 /* LoginInViewController.m in Sources */ = {isa = PBXBuildFile; fileRef = 668BF2E61AEF36F200268C16 /* LoginInViewController.m */; };
		668BF2E91AEF370F00268C16 /* LoginInViewController.xib in Resources */ = {isa = PBXBuildFile; fileRef = 668BF2E81AEF370F00268C16 /* LoginInViewController.xib */; };
		668F07461AF4795E004B38D6 /* RegistrationViewController.xib in Resources */ = {isa = PBXBuildFile; fileRef = 668F07451AF4795E004B38D6 /* RegistrationViewController.xib */; };
		668F07481AF47BC6004B38D6 /* HomeViewController.xib in Resources */ = {isa = PBXBuildFile; fileRef = 668F07471AF47BC6004B38D6 /* HomeViewController.xib */; };
		668F074A1AF47C08004B38D6 /* NotificationsViewController.xib in Resources */ = {isa = PBXBuildFile; fileRef = 668F07491AF47C08004B38D6 /* NotificationsViewController.xib */; };
		668F074C1AF47C1E004B38D6 /* SettingsViewController.xib in Resources */ = {isa = PBXBuildFile; fileRef = 668F074B1AF47C1E004B38D6 /* SettingsViewController.xib */; };
		668F078D1AF52532004B38D6 /* Bolts.framework in Frameworks */ = {isa = PBXBuildFile; fileRef = 668F078B1AF52532004B38D6 /* Bolts.framework */; };
		668F078E1AF52532004B38D6 /* Parse.framework in Frameworks */ = {isa = PBXBuildFile; fileRef = 668F078C1AF52532004B38D6 /* Parse.framework */; };
		668F07901AF52593004B38D6 /* AudioToolbox.framework in Frameworks */ = {isa = PBXBuildFile; fileRef = 668F078F1AF52593004B38D6 /* AudioToolbox.framework */; };
		668F07921AF52599004B38D6 /* CFNetwork.framework in Frameworks */ = {isa = PBXBuildFile; fileRef = 668F07911AF52599004B38D6 /* CFNetwork.framework */; };
		668F07941AF5259F004B38D6 /* CoreGraphics.framework in Frameworks */ = {isa = PBXBuildFile; fileRef = 668F07931AF5259F004B38D6 /* CoreGraphics.framework */; };
		668F07961AF525A5004B38D6 /* CoreLocation.framework in Frameworks */ = {isa = PBXBuildFile; fileRef = 668F07951AF525A5004B38D6 /* CoreLocation.framework */; };
		668F07981AF525AE004B38D6 /* MobileCoreServices.framework in Frameworks */ = {isa = PBXBuildFile; fileRef = 668F07971AF525AE004B38D6 /* MobileCoreServices.framework */; };
		668F079A1AF525B7004B38D6 /* QuartzCore.framework in Frameworks */ = {isa = PBXBuildFile; fileRef = 668F07991AF525B7004B38D6 /* QuartzCore.framework */; };
		668F079C1AF525C1004B38D6 /* Security.framework in Frameworks */ = {isa = PBXBuildFile; fileRef = 668F079B1AF525C1004B38D6 /* Security.framework */; };
		668F079E1AF525C7004B38D6 /* StoreKit.framework in Frameworks */ = {isa = PBXBuildFile; fileRef = 668F079D1AF525C7004B38D6 /* StoreKit.framework */; };
		668F07A01AF525CF004B38D6 /* SystemConfiguration.framework in Frameworks */ = {isa = PBXBuildFile; fileRef = 668F079F1AF525CF004B38D6 /* SystemConfiguration.framework */; };
		668F07A21AF525D8004B38D6 /* libz.dylib in Frameworks */ = {isa = PBXBuildFile; fileRef = 668F07A11AF525D8004B38D6 /* libz.dylib */; };
		668F07A41AF525E4004B38D6 /* libsqlite3.dylib in Frameworks */ = {isa = PBXBuildFile; fileRef = 668F07A31AF525E4004B38D6 /* libsqlite3.dylib */; };
		668F07A81AF528F5004B38D6 /* RegistrationViewController.m in Sources */ = {isa = PBXBuildFile; fileRef = 668F07A71AF528F5004B38D6 /* RegistrationViewController.m */; };
		66FBF92B1AED3E6B00883DD2 /* main.m in Sources */ = {isa = PBXBuildFile; fileRef = 66FBF92A1AED3E6B00883DD2 /* main.m */; };
		66FBF92E1AED3E6B00883DD2 /* AppDelegate.m in Sources */ = {isa = PBXBuildFile; fileRef = 66FBF92D1AED3E6B00883DD2 /* AppDelegate.m */; };
		66FBF9311AED3E6B00883DD2 /* MySpace.xcdatamodeld in Sources */ = {isa = PBXBuildFile; fileRef = 66FBF92F1AED3E6B00883DD2 /* MySpace.xcdatamodeld */; };
		66FBF9391AED3E6B00883DD2 /* Images.xcassets in Resources */ = {isa = PBXBuildFile; fileRef = 66FBF9381AED3E6B00883DD2 /* Images.xcassets */; };
		66FBF93C1AED3E6B00883DD2 /* LaunchScreen.xib in Resources */ = {isa = PBXBuildFile; fileRef = 66FBF93A1AED3E6B00883DD2 /* LaunchScreen.xib */; };
		66FBF9481AED3E6B00883DD2 /* MySpaceTests.m in Sources */ = {isa = PBXBuildFile; fileRef = 66FBF9471AED3E6B00883DD2 /* MySpaceTests.m */; };
/* End PBXBuildFile section */

/* Begin PBXContainerItemProxy section */
		66FBF9421AED3E6B00883DD2 /* PBXContainerItemProxy */ = {
			isa = PBXContainerItemProxy;
			containerPortal = 66FBF91D1AED3E6B00883DD2 /* Project object */;
			proxyType = 1;
			remoteGlobalIDString = 66FBF9241AED3E6B00883DD2;
			remoteInfo = MySpace;
		};
/* End PBXContainerItemProxy section */

/* Begin PBXFileReference section */
		668654C91AF67BC6008F2CC2 /* HomeViewController.h */ = {isa = PBXFileReference; fileEncoding = 4; lastKnownFileType = sourcecode.c.h; path = HomeViewController.h; sourceTree = "<group>"; };
		668654CA1AF67BC6008F2CC2 /* HomeViewController.m */ = {isa = PBXFileReference; fileEncoding = 4; lastKnownFileType = sourcecode.c.objc; path = HomeViewController.m; sourceTree = "<group>"; };
		668654CC1AF67BD1008F2CC2 /* NotificationsViewController.h */ = {isa = PBXFileReference; fileEncoding = 4; lastKnownFileType = sourcecode.c.h; path = NotificationsViewController.h; sourceTree = "<group>"; };
		668654CD1AF67BD1008F2CC2 /* NotificationsViewController.m */ = {isa = PBXFileReference; fileEncoding = 4; lastKnownFileType = sourcecode.c.objc; path = NotificationsViewController.m; sourceTree = "<group>"; };
		668654CF1AF67BDC008F2CC2 /* SettingsViewController.h */ = {isa = PBXFileReference; fileEncoding = 4; lastKnownFileType = sourcecode.c.h; path = SettingsViewController.h; sourceTree = "<group>"; };
		668654D01AF67BDC008F2CC2 /* SettingsViewController.m */ = {isa = PBXFileReference; fileEncoding = 4; lastKnownFileType = sourcecode.c.objc; path = SettingsViewController.m; sourceTree = "<group>"; };
		668BF2E51AEF36F200268C16 /* LoginInViewController.h */ = {isa = PBXFileReference; fileEncoding = 4; lastKnownFileType = sourcecode.c.h; path = LoginInViewController.h; sourceTree = "<group>"; };
		668BF2E61AEF36F200268C16 /* LoginInViewController.m */ = {isa = PBXFileReference; fileEncoding = 4; lastKnownFileType = sourcecode.c.objc; path = LoginInViewController.m; sourceTree = "<group>"; };
		668BF2E81AEF370F00268C16 /* LoginInViewController.xib */ = {isa = PBXFileReference; fileEncoding = 4; lastKnownFileType = file.xib; name = LoginInViewController.xib; path = ../LoginInViewController.xib; sourceTree = "<group>"; };
		668F07451AF4795E004B38D6 /* RegistrationViewController.xib */ = {isa = PBXFileReference; fileEncoding = 4; lastKnownFileType = file.xib; path = RegistrationViewController.xib; sourceTree = "<group>"; };
		668F07471AF47BC6004B38D6 /* HomeViewController.xib */ = {isa = PBXFileReference; fileEncoding = 4; lastKnownFileType = file.xib; path = HomeViewController.xib; sourceTree = "<group>"; };
		668F07491AF47C08004B38D6 /* NotificationsViewController.xib */ = {isa = PBXFileReference; fileEncoding = 4; lastKnownFileType = file.xib; path = NotificationsViewController.xib; sourceTree = "<group>"; };
		668F074B1AF47C1E004B38D6 /* SettingsViewController.xib */ = {isa = PBXFileReference; fileEncoding = 4; lastKnownFileType = file.xib; path = SettingsViewController.xib; sourceTree = "<group>"; };
		668F078B1AF52532004B38D6 /* Bolts.framework */ = {isa = PBXFileReference; lastKnownFileType = wrapper.framework; name = Bolts.framework; path = MySpace/Bolts.framework; sourceTree = "<group>"; };
		668F078C1AF52532004B38D6 /* Parse.framework */ = {isa = PBXFileReference; lastKnownFileType = wrapper.framework; name = Parse.framework; path = MySpace/Parse.framework; sourceTree = "<group>"; };
		668F078F1AF52593004B38D6 /* AudioToolbox.framework */ = {isa = PBXFileReference; lastKnownFileType = wrapper.framework; name = AudioToolbox.framework; path = System/Library/Frameworks/AudioToolbox.framework; sourceTree = SDKROOT; };
		668F07911AF52599004B38D6 /* CFNetwork.framework */ = {isa = PBXFileReference; lastKnownFileType = wrapper.framework; name = CFNetwork.framework; path = System/Library/Frameworks/CFNetwork.framework; sourceTree = SDKROOT; };
		668F07931AF5259F004B38D6 /* CoreGraphics.framework */ = {isa = PBXFileReference; lastKnownFileType = wrapper.framework; name = CoreGraphics.framework; path = System/Library/Frameworks/CoreGraphics.framework; sourceTree = SDKROOT; };
		668F07951AF525A5004B38D6 /* CoreLocation.framework */ = {isa = PBXFileReference; lastKnownFileType = wrapper.framework; name = CoreLocation.framework; path = System/Library/Frameworks/CoreLocation.framework; sourceTree = SDKROOT; };
		668F07971AF525AE004B38D6 /* MobileCoreServices.framework */ = {isa = PBXFileReference; lastKnownFileType = wrapper.framework; name = MobileCoreServices.framework; path = System/Library/Frameworks/MobileCoreServices.framework; sourceTree = SDKROOT; };
		668F07991AF525B7004B38D6 /* QuartzCore.framework */ = {isa = PBXFileReference; lastKnownFileType = wrapper.framework; name = QuartzCore.framework; path = System/Library/Frameworks/QuartzCore.framework; sourceTree = SDKROOT; };
		668F079B1AF525C1004B38D6 /* Security.framework */ = {isa = PBXFileReference; lastKnownFileType = wrapper.framework; name = Security.framework; path = System/Library/Frameworks/Security.framework; sourceTree = SDKROOT; };
		668F079D1AF525C7004B38D6 /* StoreKit.framework */ = {isa = PBXFileReference; lastKnownFileType = wrapper.framework; name = StoreKit.framework; path = System/Library/Frameworks/StoreKit.framework; sourceTree = SDKROOT; };
		668F079F1AF525CF004B38D6 /* SystemConfiguration.framework */ = {isa = PBXFileReference; lastKnownFileType = wrapper.framework; name = SystemConfiguration.framework; path = System/Library/Frameworks/SystemConfiguration.framework; sourceTree = SDKROOT; };
		668F07A11AF525D8004B38D6 /* libz.dylib */ = {isa = PBXFileReference; lastKnownFileType = "compiled.mach-o.dylib"; name = libz.dylib; path = usr/lib/libz.dylib; sourceTree = SDKROOT; };
		668F07A31AF525E4004B38D6 /* libsqlite3.dylib */ = {isa = PBXFileReference; lastKnownFileType = "compiled.mach-o.dylib"; name = libsqlite3.dylib; path = usr/lib/libsqlite3.dylib; sourceTree = SDKROOT; };
		668F07A61AF528F5004B38D6 /* RegistrationViewController.h */ = {isa = PBXFileReference; fileEncoding = 4; lastKnownFileType = sourcecode.c.h; path = RegistrationViewController.h; sourceTree = "<group>"; };
		668F07A71AF528F5004B38D6 /* RegistrationViewController.m */ = {isa = PBXFileReference; fileEncoding = 4; lastKnownFileType = sourcecode.c.objc; path = RegistrationViewController.m; sourceTree = "<group>"; };
		66FBF9251AED3E6B00883DD2 /* MySpace.app */ = {isa = PBXFileReference; explicitFileType = wrapper.application; includeInIndex = 0; path = MySpace.app; sourceTree = BUILT_PRODUCTS_DIR; };
		66FBF9291AED3E6B00883DD2 /* Info.plist */ = {isa = PBXFileReference; lastKnownFileType = text.plist.xml; path = Info.plist; sourceTree = "<group>"; };
		66FBF92A1AED3E6B00883DD2 /* main.m */ = {isa = PBXFileReference; lastKnownFileType = sourcecode.c.objc; path = main.m; sourceTree = "<group>"; };
		66FBF92C1AED3E6B00883DD2 /* AppDelegate.h */ = {isa = PBXFileReference; lastKnownFileType = sourcecode.c.h; path = AppDelegate.h; sourceTree = "<group>"; };
		66FBF92D1AED3E6B00883DD2 /* AppDelegate.m */ = {isa = PBXFileReference; lastKnownFileType = sourcecode.c.objc; path = AppDelegate.m; sourceTree = "<group>"; };
		66FBF9301AED3E6B00883DD2 /* MySpace.xcdatamodel */ = {isa = PBXFileReference; lastKnownFileType = wrapper.xcdatamodel; path = MySpace.xcdatamodel; sourceTree = "<group>"; };
		66FBF9381AED3E6B00883DD2 /* Images.xcassets */ = {isa = PBXFileReference; lastKnownFileType = folder.assetcatalog; path = Images.xcassets; sourceTree = "<group>"; };
		66FBF93B1AED3E6B00883DD2 /* Base */ = {isa = PBXFileReference; lastKnownFileType = file.xib; name = Base; path = Base.lproj/LaunchScreen.xib; sourceTree = "<group>"; };
		66FBF9411AED3E6B00883DD2 /* MySpaceTests.xctest */ = {isa = PBXFileReference; explicitFileType = wrapper.cfbundle; includeInIndex = 0; path = MySpaceTests.xctest; sourceTree = BUILT_PRODUCTS_DIR; };
		66FBF9461AED3E6B00883DD2 /* Info.plist */ = {isa = PBXFileReference; lastKnownFileType = text.plist.xml; path = Info.plist; sourceTree = "<group>"; };
		66FBF9471AED3E6B00883DD2 /* MySpaceTests.m */ = {isa = PBXFileReference; lastKnownFileType = sourcecode.c.objc; path = MySpaceTests.m; sourceTree = "<group>"; };
/* End PBXFileReference section */

/* Begin PBXFrameworksBuildPhase section */
		66FBF9221AED3E6B00883DD2 /* Frameworks */ = {
			isa = PBXFrameworksBuildPhase;
			buildActionMask = 2147483647;
			files = (
				668F07A41AF525E4004B38D6 /* libsqlite3.dylib in Frameworks */,
				668F07A21AF525D8004B38D6 /* libz.dylib in Frameworks */,
				668F07A01AF525CF004B38D6 /* SystemConfiguration.framework in Frameworks */,
				668F079E1AF525C7004B38D6 /* StoreKit.framework in Frameworks */,
				668F079C1AF525C1004B38D6 /* Security.framework in Frameworks */,
				668F079A1AF525B7004B38D6 /* QuartzCore.framework in Frameworks */,
				668F07981AF525AE004B38D6 /* MobileCoreServices.framework in Frameworks */,
				668F07961AF525A5004B38D6 /* CoreLocation.framework in Frameworks */,
				668F07941AF5259F004B38D6 /* CoreGraphics.framework in Frameworks */,
				668F07921AF52599004B38D6 /* CFNetwork.framework in Frameworks */,
				668F07901AF52593004B38D6 /* AudioToolbox.framework in Frameworks */,
				668F078E1AF52532004B38D6 /* Parse.framework in Frameworks */,
				668F078D1AF52532004B38D6 /* Bolts.framework in Frameworks */,
			);
			runOnlyForDeploymentPostprocessing = 0;
		};
		66FBF93E1AED3E6B00883DD2 /* Frameworks */ = {
			isa = PBXFrameworksBuildPhase;
			buildActionMask = 2147483647;
			files = (
			);
			runOnlyForDeploymentPostprocessing = 0;
		};
/* End PBXFrameworksBuildPhase section */

/* Begin PBXGroup section */
		668F07851AF49314004B38D6 /* AppDelegate */ = {
			isa = PBXGroup;
			children = (
				66FBF92C1AED3E6B00883DD2 /* AppDelegate.h */,
				66FBF92D1AED3E6B00883DD2 /* AppDelegate.m */,
			);
			name = AppDelegate;
			sourceTree = "<group>";
		};
		668F07861AF49321004B38D6 /* ResourcesBundle */ = {
			isa = PBXGroup;
			children = (
				668F078A1AF49377004B38D6 /* CoreDataModel */,
				668F07891AF4936E004B38D6 /* Images */,
				668F07881AF4935E004B38D6 /* Xibs */,
			);
			name = ResourcesBundle;
			sourceTree = "<group>";
		};
		668F07871AF49336004B38D6 /* View Controller */ = {
			isa = PBXGroup;
			children = (
				668BF2E51AEF36F200268C16 /* LoginInViewController.h */,
				668BF2E61AEF36F200268C16 /* LoginInViewController.m */,
				668F07A61AF528F5004B38D6 /* RegistrationViewController.h */,
				668F07A71AF528F5004B38D6 /* RegistrationViewController.m */,
				668654C91AF67BC6008F2CC2 /* HomeViewController.h */,
				668654CA1AF67BC6008F2CC2 /* HomeViewController.m */,
				668654CC1AF67BD1008F2CC2 /* NotificationsViewController.h */,
				668654CD1AF67BD1008F2CC2 /* NotificationsViewController.m */,
				668654CF1AF67BDC008F2CC2 /* SettingsViewController.h */,
				668654D01AF67BDC008F2CC2 /* SettingsViewController.m */,
			);
			name = "View Controller";
			sourceTree = "<group>";
		};
		668F07881AF4935E004B38D6 /* Xibs */ = {
			isa = PBXGroup;
			children = (
				668BF2E81AEF370F00268C16 /* LoginInViewController.xib */,
				668F07451AF4795E004B38D6 /* RegistrationViewController.xib */,
				668F07471AF47BC6004B38D6 /* HomeViewController.xib */,
				668F07491AF47C08004B38D6 /* NotificationsViewController.xib */,
				668F074B1AF47C1E004B38D6 /* SettingsViewController.xib */,
				66FBF93A1AED3E6B00883DD2 /* LaunchScreen.xib */,
			);
			name = Xibs;
			sourceTree = "<group>";
		};
		668F07891AF4936E004B38D6 /* Images */ = {
			isa = PBXGroup;
			children = (
				66FBF9381AED3E6B00883DD2 /* Images.xcassets */,
			);
			name = Images;
			sourceTree = "<group>";
		};
		668F078A1AF49377004B38D6 /* CoreDataModel */ = {
			isa = PBXGroup;
			children = (
				66FBF92F1AED3E6B00883DD2 /* MySpace.xcdatamodeld */,
			);
			name = CoreDataModel;
			sourceTree = "<group>";
		};
		668F07A51AF525F8004B38D6 /* Frameworks */ = {
			isa = PBXGroup;
			children = (
				668F078B1AF52532004B38D6 /* Bolts.framework */,
				668F078C1AF52532004B38D6 /* Parse.framework */,
				668F07A31AF525E4004B38D6 /* libsqlite3.dylib */,
				668F07A11AF525D8004B38D6 /* libz.dylib */,
				668F079F1AF525CF004B38D6 /* SystemConfiguration.framework */,
				668F079D1AF525C7004B38D6 /* StoreKit.framework */,
				668F079B1AF525C1004B38D6 /* Security.framework */,
				668F07991AF525B7004B38D6 /* QuartzCore.framework */,
				668F07971AF525AE004B38D6 /* MobileCoreServices.framework */,
				668F07951AF525A5004B38D6 /* CoreLocation.framework */,
				668F07931AF5259F004B38D6 /* CoreGraphics.framework */,
				668F07911AF52599004B38D6 /* CFNetwork.framework */,
				668F078F1AF52593004B38D6 /* AudioToolbox.framework */,
			);
			name = Frameworks;
			path = ..;
			sourceTree = "<group>";
		};
		66FBF91C1AED3E6B00883DD2 = {
			isa = PBXGroup;
			children = (
				66FBF9271AED3E6B00883DD2 /* MySpace */,
				66FBF9441AED3E6B00883DD2 /* MySpaceTests */,
				66FBF9261AED3E6B00883DD2 /* Products */,
			);
			sourceTree = "<group>";
		};
		66FBF9261AED3E6B00883DD2 /* Products */ = {
			isa = PBXGroup;
			children = (
				66FBF9251AED3E6B00883DD2 /* MySpace.app */,
				66FBF9411AED3E6B00883DD2 /* MySpaceTests.xctest */,
			);
			name = Products;
			sourceTree = "<group>";
		};
		66FBF9271AED3E6B00883DD2 /* MySpace */ = {
			isa = PBXGroup;
			children = (
				668F07851AF49314004B38D6 /* AppDelegate */,
				668F07A51AF525F8004B38D6 /* Frameworks */,
				668F07861AF49321004B38D6 /* ResourcesBundle */,
				66FBF9281AED3E6B00883DD2 /* Supporting Files */,
				668F07871AF49336004B38D6 /* View Controller */,
			);
			path = MySpace;
			sourceTree = "<group>";
		};
		66FBF9281AED3E6B00883DD2 /* Supporting Files */ = {
			isa = PBXGroup;
			children = (
				66FBF9291AED3E6B00883DD2 /* Info.plist */,
				66FBF92A1AED3E6B00883DD2 /* main.m */,
			);
			name = "Supporting Files";
			sourceTree = "<group>";
		};
		66FBF9441AED3E6B00883DD2 /* MySpaceTests */ = {
			isa = PBXGroup;
			children = (
				66FBF9471AED3E6B00883DD2 /* MySpaceTests.m */,
				66FBF9451AED3E6B00883DD2 /* Supporting Files */,
			);
			path = MySpaceTests;
			sourceTree = "<group>";
		};
		66FBF9451AED3E6B00883DD2 /* Supporting Files */ = {
			isa = PBXGroup;
			children = (
				66FBF9461AED3E6B00883DD2 /* Info.plist */,
			);
			name = "Supporting Files";
			sourceTree = "<group>";
		};
/* End PBXGroup section */

/* Begin PBXNativeTarget section */
		66FBF9241AED3E6B00883DD2 /* MySpace */ = {
			isa = PBXNativeTarget;
			buildConfigurationList = 66FBF94B1AED3E6B00883DD2 /* Build configuration list for PBXNativeTarget "MySpace" */;
			buildPhases = (
				66FBF9211AED3E6B00883DD2 /* Sources */,
				66FBF9221AED3E6B00883DD2 /* Frameworks */,
				66FBF9231AED3E6B00883DD2 /* Resources */,
			);
			buildRules = (
			);
			dependencies = (
			);
			name = MySpace;
			productName = MySpace;
			productReference = 66FBF9251AED3E6B00883DD2 /* MySpace.app */;
			productType = "com.apple.product-type.application";
		};
		66FBF9401AED3E6B00883DD2 /* MySpaceTests */ = {
			isa = PBXNativeTarget;
			buildConfigurationList = 66FBF94E1AED3E6B00883DD2 /* Build configuration list for PBXNativeTarget "MySpaceTests" */;
			buildPhases = (
				66FBF93D1AED3E6B00883DD2 /* Sources */,
				66FBF93E1AED3E6B00883DD2 /* Frameworks */,
				66FBF93F1AED3E6B00883DD2 /* Resources */,
			);
			buildRules = (
			);
			dependencies = (
				66FBF9431AED3E6B00883DD2 /* PBXTargetDependency */,
			);
			name = MySpaceTests;
			productName = MySpaceTests;
			productReference = 66FBF9411AED3E6B00883DD2 /* MySpaceTests.xctest */;
			productType = "com.apple.product-type.bundle.unit-test";
		};
/* End PBXNativeTarget section */

/* Begin PBXProject section */
		66FBF91D1AED3E6B00883DD2 /* Project object */ = {
			isa = PBXProject;
			attributes = {
				LastUpgradeCheck = 0620;
				ORGANIZATIONNAME = SandeepAnkam;
				TargetAttributes = {
					66FBF9241AED3E6B00883DD2 = {
						CreatedOnToolsVersion = 6.2;
					};
					66FBF9401AED3E6B00883DD2 = {
						CreatedOnToolsVersion = 6.2;
						TestTargetID = 66FBF9241AED3E6B00883DD2;
					};
				};
			};
			buildConfigurationList = 66FBF9201AED3E6B00883DD2 /* Build configuration list for PBXProject "MySpace" */;
			compatibilityVersion = "Xcode 3.2";
			developmentRegion = English;
			hasScannedForEncodings = 0;
			knownRegions = (
				en,
				Base,
			);
			mainGroup = 66FBF91C1AED3E6B00883DD2;
			productRefGroup = 66FBF9261AED3E6B00883DD2 /* Products */;
			projectDirPath = "";
			projectRoot = "";
			targets = (
				66FBF9241AED3E6B00883DD2 /* MySpace */,
				66FBF9401AED3E6B00883DD2 /* MySpaceTests */,
			);
		};
/* End PBXProject section */

/* Begin PBXResourcesBuildPhase section */
		66FBF9231AED3E6B00883DD2 /* Resources */ = {
			isa = PBXResourcesBuildPhase;
			buildActionMask = 2147483647;
			files = (
				668BF2E91AEF370F00268C16 /* LoginInViewController.xib in Resources */,
				668F074C1AF47C1E004B38D6 /* SettingsViewController.xib in Resources */,
				66FBF93C1AED3E6B00883DD2 /* LaunchScreen.xib in Resources */,
				668F07481AF47BC6004B38D6 /* HomeViewController.xib in Resources */,
				668F074A1AF47C08004B38D6 /* NotificationsViewController.xib in Resources */,
				668F07461AF4795E004B38D6 /* RegistrationViewController.xib in Resources */,
				66FBF9391AED3E6B00883DD2 /* Images.xcassets in Resources */,
			);
			runOnlyForDeploymentPostprocessing = 0;
		};
		66FBF93F1AED3E6B00883DD2 /* Resources */ = {
			isa = PBXResourcesBuildPhase;
			buildActionMask = 2147483647;
			files = (
			);
			runOnlyForDeploymentPostprocessing = 0;
		};
/* End PBXResourcesBuildPhase section */

/* Begin PBXSourcesBuildPhase section */
		66FBF9211AED3E6B00883DD2 /* Sources */ = {
			isa = PBXSourcesBuildPhase;
			buildActionMask = 2147483647;
			files = (
				66FBF92E1AED3E6B00883DD2 /* AppDelegate.m in Sources */,
				66FBF92B1AED3E6B00883DD2 /* main.m in Sources */,
				668F07A81AF528F5004B38D6 /* RegistrationViewController.m in Sources */,
				668654D11AF67BDC008F2CC2 /* SettingsViewController.m in Sources */,
				668654CE1AF67BD1008F2CC2 /* NotificationsViewController.m in Sources */,
				66FBF9311AED3E6B00883DD2 /* MySpace.xcdatamodeld in Sources */,
				668BF2E71AEF36F200268C16 /* LoginInViewController.m in Sources */,
				668654CB1AF67BC6008F2CC2 /* HomeViewController.m in Sources */,
			);
			runOnlyForDeploymentPostprocessing = 0;
		};
		66FBF93D1AED3E6B00883DD2 /* Sources */ = {
			isa = PBXSourcesBuildPhase;
			buildActionMask = 2147483647;
			files = (
				66FBF9481AED3E6B00883DD2 /* MySpaceTests.m in Sources */,
			);
			runOnlyForDeploymentPostprocessing = 0;
		};
/* End PBXSourcesBuildPhase section */

/* Begin PBXTargetDependency section */
		66FBF9431AED3E6B00883DD2 /* PBXTargetDependency */ = {
			isa = PBXTargetDependency;
			target = 66FBF9241AED3E6B00883DD2 /* MySpace */;
			targetProxy = 66FBF9421AED3E6B00883DD2 /* PBXContainerItemProxy */;
		};
/* End PBXTargetDependency section */

/* Begin PBXVariantGroup section */
		66FBF93A1AED3E6B00883DD2 /* LaunchScreen.xib */ = {
			isa = PBXVariantGroup;
			children = (
				66FBF93B1AED3E6B00883DD2 /* Base */,
			);
			name = LaunchScreen.xib;
			sourceTree = "<group>";
		};
/* End PBXVariantGroup section */

/* Begin XCBuildConfiguration section */
		66FBF9491AED3E6B00883DD2 /* Debug */ = {
			isa = XCBuildConfiguration;
			buildSettings = {
				ALWAYS_SEARCH_USER_PATHS = NO;
				CLANG_CXX_LANGUAGE_STANDARD = "gnu++0x";
				CLANG_CXX_LIBRARY = "libc++";
				CLANG_ENABLE_MODULES = YES;
				CLANG_ENABLE_OBJC_ARC = YES;
				CLANG_WARN_BOOL_CONVERSION = YES;
				CLANG_WARN_CONSTANT_CONVERSION = YES;
				CLANG_WARN_DIRECT_OBJC_ISA_USAGE = YES_ERROR;
				CLANG_WARN_EMPTY_BODY = YES;
				CLANG_WARN_ENUM_CONVERSION = YES;
				CLANG_WARN_INT_CONVERSION = YES;
				CLANG_WARN_OBJC_ROOT_CLASS = YES_ERROR;
				CLANG_WARN_UNREACHABLE_CODE = YES;
				CLANG_WARN__DUPLICATE_METHOD_MATCH = YES;
				"CODE_SIGN_IDENTITY[sdk=iphoneos*]" = "iPhone Developer";
				COPY_PHASE_STRIP = NO;
				ENABLE_STRICT_OBJC_MSGSEND = YES;
				GCC_C_LANGUAGE_STANDARD = gnu99;
				GCC_DYNAMIC_NO_PIC = NO;
				GCC_OPTIMIZATION_LEVEL = 0;
				GCC_PREPROCESSOR_DEFINITIONS = (
					"DEBUG=1",
					"$(inherited)",
				);
				GCC_SYMBOLS_PRIVATE_EXTERN = NO;
				GCC_WARN_64_TO_32_BIT_CONVERSION = YES;
				GCC_WARN_ABOUT_RETURN_TYPE = YES_ERROR;
				GCC_WARN_UNDECLARED_SELECTOR = YES;
				GCC_WARN_UNINITIALIZED_AUTOS = YES_AGGRESSIVE;
				GCC_WARN_UNUSED_FUNCTION = YES;
				GCC_WARN_UNUSED_VARIABLE = YES;
				IPHONEOS_DEPLOYMENT_TARGET = 8.2;
				MTL_ENABLE_DEBUG_INFO = YES;
				ONLY_ACTIVE_ARCH = YES;
				SDKROOT = iphoneos;
				TARGETED_DEVICE_FAMILY = "1,2";
			};
			name = Debug;
		};
		66FBF94A1AED3E6B00883DD2 /* Release */ = {
			isa = XCBuildConfiguration;
			buildSettings = {
				ALWAYS_SEARCH_USER_PATHS = NO;
				CLANG_CXX_LANGUAGE_STANDARD = "gnu++0x";
				CLANG_CXX_LIBRARY = "libc++";
				CLANG_ENABLE_MODULES = YES;
				CLANG_ENABLE_OBJC_ARC = YES;
				CLANG_WARN_BOOL_CONVERSION = YES;
				CLANG_WARN_CONSTANT_CONVERSION = YES;
				CLANG_WARN_DIRECT_OBJC_ISA_USAGE = YES_ERROR;
				CLANG_WARN_EMPTY_BODY = YES;
				CLANG_WARN_ENUM_CONVERSION = YES;
				CLANG_WARN_INT_CONVERSION = YES;
				CLANG_WARN_OBJC_ROOT_CLASS = YES_ERROR;
				CLANG_WARN_UNREACHABLE_CODE = YES;
				CLANG_WARN__DUPLICATE_METHOD_MATCH = YES;
				"CODE_SIGN_IDENTITY[sdk=iphoneos*]" = "iPhone Developer";
				COPY_PHASE_STRIP = NO;
				ENABLE_NS_ASSERTIONS = NO;
				ENABLE_STRICT_OBJC_MSGSEND = YES;
				GCC_C_LANGUAGE_STANDARD = gnu99;
				GCC_WARN_64_TO_32_BIT_CONVERSION = YES;
				GCC_WARN_ABOUT_RETURN_TYPE = YES_ERROR;
				GCC_WARN_UNDECLARED_SELECTOR = YES;
				GCC_WARN_UNINITIALIZED_AUTOS = YES_AGGRESSIVE;
				GCC_WARN_UNUSED_FUNCTION = YES;
				GCC_WARN_UNUSED_VARIABLE = YES;
				IPHONEOS_DEPLOYMENT_TARGET = 8.2;
				MTL_ENABLE_DEBUG_INFO = NO;
				SDKROOT = iphoneos;
				TARGETED_DEVICE_FAMILY = "1,2";
				VALIDATE_PRODUCT = YES;
			};
			name = Release;
		};
		66FBF94C1AED3E6B00883DD2 /* Debug */ = {
			isa = XCBuildConfiguration;
			buildSettings = {
				ASSETCATALOG_COMPILER_APPICON_NAME = AppIcon;
				FRAMEWORK_SEARCH_PATHS = (
					"$(inherited)",
					"$(PROJECT_DIR)/MySpace",
				);
				INFOPLIST_FILE = MySpace/Info.plist;
				LD_RUNPATH_SEARCH_PATHS = "$(inherited) @executable_path/Frameworks";
				PRODUCT_NAME = "$(TARGET_NAME)";
			};
			name = Debug;
		};
		66FBF94D1AED3E6B00883DD2 /* Release */ = {
			isa = XCBuildConfiguration;
			buildSettings = {
				ASSETCATALOG_COMPILER_APPICON_NAME = AppIcon;
				FRAMEWORK_SEARCH_PATHS = (
					"$(inherited)",
					"$(PROJECT_DIR)/MySpace",
				);
				INFOPLIST_FILE = MySpace/Info.plist;
				LD_RUNPATH_SEARCH_PATHS = "$(inherited) @executable_path/Frameworks";
				PRODUCT_NAME = "$(TARGET_NAME)";
			};
			name = Release;
		};
		66FBF94F1AED3E6B00883DD2 /* Debug */ = {
			isa = XCBuildConfiguration;
			buildSettings = {
				BUNDLE_LOADER = "$(TEST_HOST)";
				FRAMEWORK_SEARCH_PATHS = (
					"$(SDKROOT)/Developer/Library/Frameworks",
					"$(inherited)",
				);
				GCC_PREPROCESSOR_DEFINITIONS = (
					"DEBUG=1",
					"$(inherited)",
				);
				INFOPLIST_FILE = MySpaceTests/Info.plist;
				LD_RUNPATH_SEARCH_PATHS = "$(inherited) @executable_path/Frameworks @loader_path/Frameworks";
				PRODUCT_NAME = "$(TARGET_NAME)";
				TEST_HOST = "$(BUILT_PRODUCTS_DIR)/MySpace.app/MySpace";
			};
			name = Debug;
		};
		66FBF9501AED3E6B00883DD2 /* Release */ = {
			isa = XCBuildConfiguration;
			buildSettings = {
				BUNDLE_LOADER = "$(TEST_HOST)";
				FRAMEWORK_SEARCH_PATHS = (
					"$(SDKROOT)/Developer/Library/Frameworks",
					"$(inherited)",
				);
				INFOPLIST_FILE = MySpaceTests/Info.plist;
				LD_RUNPATH_SEARCH_PATHS = "$(inherited) @executable_path/Frameworks @loader_path/Frameworks";
				PRODUCT_NAME = "$(TARGET_NAME)";
				TEST_HOST = "$(BUILT_PRODUCTS_DIR)/MySpace.app/MySpace";
			};
			name = Release;
		};
/* End XCBuildConfiguration section */

/* Begin XCConfigurationList section */
		66FBF9201AED3E6B00883DD2 /* Build configuration list for PBXProject "MySpace" */ = {
			isa = XCConfigurationList;
			buildConfigurations = (
				66FBF9491AED3E6B00883DD2 /* Debug */,
				66FBF94A1AED3E6B00883DD2 /* Release */,
			);
			defaultConfigurationIsVisible = 0;
			defaultConfigurationName = Release;
		};
		66FBF94B1AED3E6B00883DD2 /* Build configuration list for PBXNativeTarget "MySpace" */ = {
			isa = XCConfigurationList;
			buildConfigurations = (
				66FBF94C1AED3E6B00883DD2 /* Debug */,
				66FBF94D1AED3E6B00883DD2 /* Release */,
			);
			defaultConfigurationIsVisible = 0;
			defaultConfigurationName = Release;
		};
		66FBF94E1AED3E6B00883DD2 /* Build configuration list for PBXNativeTarget "MySpaceTests" */ = {
			isa = XCConfigurationList;
			buildConfigurations = (
				66FBF94F1AED3E6B00883DD2 /* Debug */,
				66FBF9501AED3E6B00883DD2 /* Release */,
			);
			defaultConfigurationIsVisible = 0;
			defaultConfigurationName = Release;
		};
/* End XCConfigurationList section */

/* Begin XCVersionGroup section */
		66FBF92F1AED3E6B00883DD2 /* MySpace.xcdatamodeld */ = {
			isa = XCVersionGroup;
			children = (
				66FBF9301AED3E6B00883DD2 /* MySpace.xcdatamodel */,
			);
			currentVersion = 66FBF9301AED3E6B00883DD2 /* MySpace.xcdatamodel */;
			path = MySpace.xcdatamodeld;
			sourceTree = "<group>";
			versionGroupType = wrapper.xcdatamodel;
		};
/* End XCVersionGroup section */
	};
	rootObject = 66FBF91D1AED3E6B00883DD2 /* Project object */;
}
